{
  "requires": true,
  "lockfileVersion": 1,
  "dependencies": {
    "tui-context-menu": {
      "version": "2.1.8",
      "resolved": "https://registry.npmjs.org/tui-context-menu/-/tui-context-menu-2.1.8.tgz",
      "integrity": "sha512-6TaqEXRWGberQclg+26vHVB3DFYdH8WWSp135+GYfa0RkcEhsFql6mf9Gz+LP/SGVMneOEDO2lTm2fjNLxpIAA=="
    },
    "tui-tree": {
      "version": "4.0.5",
      "resolved": "https://registry.npmjs.org/tui-tree/-/tui-tree-4.0.5.tgz",
      "integrity": "sha512-1RuuKekA/YesXiEV34KaKXPxr14aumkBZZ4qLE2qB0SVQeitncLt6mpfXZjXL1K1wAgkzxsrckdWF+X2dHx+rg==",
      "requires": {
        "tui-context-menu": "^2.1.6"
      }
    }
  }
}
